
Microsoft Visual Studio Solution File, Format Version 12.00
# Visual Studio Version 16
VisualStudioVersion = 16.0.29509.3
MinimumVisualStudioVersion = 10.0.40219.1
Project("{FAE04EC0-301F-11D3-BF4B-00C04F79EFBC}") = "Lab 5-6", "Lab 5-6.csproj", "{44F7AC18-8FFF-489B-9C35-B47C6F033B6C}"
EndProject
Global
	GlobalSection(SolutionConfigurationPlatforms) = preSolution
		Debug|Any CPU = Debug|Any CPU
		Release|Any CPU = Release|Any CPU
	EndGlobalSection
	GlobalSection(ProjectConfigurationPlatforms) = postSolution
		{44F7AC18-8FFF-489B-9C35-B47C6F033B6C}.Debug|Any CPU.ActiveCfg = Debug|Any CPU
		{44F7AC18-8FFF-489B-9C35-B47C6F033B6C}.Debug|Any CPU.Build.0 = Debug|Any CPU
		{44F7AC18-8FFF-489B-9C35-B47C6F033B6C}.Release|Any CPU.ActiveCfg = Release|Any CPU
		{44F7AC18-8FFF-489B-9C35-B47C6F033B6C}.Release|Any CPU.Build.0 = Release|Any CPU
	EndGlobalSection
	GlobalSection(SolutionProperties) = preSolution
		HideSolutionNode = FALSE
	EndGlobalSection
	GlobalSection(ExtensibilityGlobals) = postSolution
		SolutionGuid = {4F12F5B7-511B-4E87-B822-5B158C926F0F}
	EndGlobalSection
EndGlobal
