
Microsoft Visual Studio Solution File, Format Version 12.00
# Visual Studio Version 16
VisualStudioVersion = 16.0.29509.3
MinimumVisualStudioVersion = 10.0.40219.1
Project("{FAE04EC0-301F-11D3-BF4B-00C04F79EFBC}") = "Lab5-2", "Lab5-2.csproj", "{9B137306-EBD1-4FC8-883C-C59931DCFA7D}"
EndProject
Global
	GlobalSection(SolutionConfigurationPlatforms) = preSolution
		Debug|Any CPU = Debug|Any CPU
		Release|Any CPU = Release|Any CPU
	EndGlobalSection
	GlobalSection(ProjectConfigurationPlatforms) = postSolution
		{9B137306-EBD1-4FC8-883C-C59931DCFA7D}.Debug|Any CPU.ActiveCfg = Debug|Any CPU
		{9B137306-EBD1-4FC8-883C-C59931DCFA7D}.Debug|Any CPU.Build.0 = Debug|Any CPU
		{9B137306-EBD1-4FC8-883C-C59931DCFA7D}.Release|Any CPU.ActiveCfg = Release|Any CPU
		{9B137306-EBD1-4FC8-883C-C59931DCFA7D}.Release|Any CPU.Build.0 = Release|Any CPU
	EndGlobalSection
	GlobalSection(SolutionProperties) = preSolution
		HideSolutionNode = FALSE
	EndGlobalSection
	GlobalSection(ExtensibilityGlobals) = postSolution
		SolutionGuid = {F1921CDB-C0D3-4084-BF61-5CA028D558F7}
	EndGlobalSection
EndGlobal
